{
  "version": 4,
  "terraform_version": "1.10.4",
  "serial": 28,
  "lineage": "747cfccd-1774-068d-b7d2-442b6e90506e",
  "outputs": {},
  "resources": [
    {
      "module": "module.kind_camel-k",
      "mode": "managed",
      "type": "kubectl_manifest",
      "name": "camel_k_integration_platform",
      "provider": "provider[\"registry.terraform.io/gavinbunney/kubectl\"].kubectl_kind",
      "instances": [
        {
          "schema_version": 1,
          "attributes": {
            "api_version": "camel.apache.org/v1",
            "apply_only": false,
            "force_conflicts": false,
            "force_new": false,
            "id": "/apis/camel.apache.org/v1/namespaces/knative-eventing/integrationplatforms/camel-k",
            "ignore_fields": null,
            "kind": "IntegrationPlatform",
            "live_manifest_incluster": "eca5d21612087cc5e66877e45477827c40e9062dffa617d013fd363327aca7bf",
            "live_uid": "7c8cfceb-c414-4504-8220-00ab8323e11e",
            "name": "camel-k",
            "namespace": "knative-eventing",
            "override_namespace": null,
            "sensitive_fields": null,
            "server_side_apply": false,
            "timeouts": null,
            "uid": "7c8cfceb-c414-4504-8220-00ab8323e11e",
            "validate_schema": true,
            "wait": null,
            "wait_for_rollout": true,
            "yaml_body": "apiVersion: camel.apache.org/v1\nkind: IntegrationPlatform\nmetadata:\n  labels:\n    app: camel-k\n  namespace: knative-eventing\n  name: camel-k\nspec:\n  build:\n    registry:\n      #address: \"10.96.19.220:5000\"\n      #insecure: true\n      address: \"docker.io\"\n      organization: \"adriannbalaban\"\n      secret: \"docker-registry-secret\"\n\n",
            "yaml_body_parsed": "apiVersion: camel.apache.org/v1\nkind: IntegrationPlatform\nmetadata:\n  labels:\n    app: camel-k\n  name: camel-k\n  namespace: knative-eventing\nspec:\n  build:\n    registry:\n      address: docker.io\n      organization: adriannbalaban\n      secret: docker-registry-secret\n",
            "yaml_incluster": "eca5d21612087cc5e66877e45477827c40e9062dffa617d013fd363327aca7bf"
          },
          "sensitive_attributes": [
            [
              {
                "type": "get_attr",
                "value": "yaml_incluster"
              }
            ],
            [
              {
                "type": "get_attr",
                "value": "live_manifest_incluster"
              }
            ],
            [
              {
                "type": "get_attr",
                "value": "yaml_body"
              }
            ]
          ],
          "private": "eyJlMmJmYjczMC1lY2FhLTExZTYtOGY4OC0zNDM2M2JjN2M0YzAiOnsiY3JlYXRlIjo2MDAwMDAwMDAwMDB9LCJzY2hlbWFfdmVyc2lvbiI6IjEifQ==",
          "dependencies": [
            "module.kind_camel-k.kubectl_manifest.configmap_config_br_defaults",
            "module.kind_camel-k.kubectl_manifest.configmap_imc_channel",
            "module.kind_camel-k.kubectl_manifest.configure_broker_default",
            "module.kind_camel-k.terraform_data.broker_in_memory",
            "module.kind_camel-k.terraform_data.broker_verify",
            "module.kind_camel-k.terraform_data.camel_k",
            "module.kind_camel-k.terraform_data.camel_k_verify",
            "module.kind_camel-k.terraform_data.channel_in_memory",
            "module.kind_camel-k.terraform_data.create-secret-for-docker-registry",
            "module.kind_camel-k.terraform_data.dnssslip_io",
            "module.kind_camel-k.terraform_data.eventing",
            "module.kind_camel-k.terraform_data.hpa_autoscaling",
            "module.kind_camel-k.terraform_data.knserving",
            "module.kind_camel-k.terraform_data.kourier",
            "module.kind_camel-k.terraform_data.serving_verify",
            "module.kind_cluster.data.kubernetes_service.registry_svc",
            "module.kind_cluster.kind_cluster.kind",
            "module.kind_cluster.null_resource.delete_kind_instance",
            "module.kind_cluster.terraform_data.install_registry"
          ]
        }
      ]
    },
    {
      "module": "module.kind_camel-k",
      "mode": "managed",
      "type": "kubectl_manifest",
      "name": "configmap_config_br_defaults",
      "provider": "provider[\"registry.terraform.io/gavinbunney/kubectl\"].kubectl_kind",
      "instances": [
        {
          "schema_version": 1,
          "attributes": {
            "api_version": "v1",
            "apply_only": false,
            "force_conflicts": false,
            "force_new": false,
            "id": "/api/v1/namespaces/knative-eventing/configmaps/config-br-defaults",
            "ignore_fields": null,
            "kind": "ConfigMap",
            "live_manifest_incluster": "34575a3695bca7d119cbb88b8274906e3a62f90a1b61f4fd49c5bebcbe8d88c5",
            "live_uid": "8e2c2828-ac02-485a-ae13-f83f50ba3100",
            "name": "config-br-defaults",
            "namespace": "knative-eventing",
            "override_namespace": null,
            "sensitive_fields": null,
            "server_side_apply": false,
            "timeouts": null,
            "uid": "8e2c2828-ac02-485a-ae13-f83f50ba3100",
            "validate_schema": true,
            "wait": null,
            "wait_for_rollout": true,
            "yaml_body": "apiVersion: v1\nkind: ConfigMap\nmetadata:\n  name: config-br-defaults\n  namespace: knative-eventing\ndata:\n  # Configures the default for any Broker that does not specify a spec.config or Broker class. # This is the cluster-wide default broker channel.\n  default-br-config: |\n    clusterDefault:\n      brokerClass: MTChannelBasedBroker\n      apiVersion: v1\n      kind: ConfigMap\n      name: imc-channel\n      namespace: knative-eventing\n",
            "yaml_body_parsed": "apiVersion: v1\ndata:\n  default-br-config: |\n    clusterDefault:\n      brokerClass: MTChannelBasedBroker\n      apiVersion: v1\n      kind: ConfigMap\n      name: imc-channel\n      namespace: knative-eventing\nkind: ConfigMap\nmetadata:\n  name: config-br-defaults\n  namespace: knative-eventing\n",
            "yaml_incluster": "34575a3695bca7d119cbb88b8274906e3a62f90a1b61f4fd49c5bebcbe8d88c5"
          },
          "sensitive_attributes": [
            [
              {
                "type": "get_attr",
                "value": "yaml_incluster"
              }
            ],
            [
              {
                "type": "get_attr",
                "value": "live_manifest_incluster"
              }
            ],
            [
              {
                "type": "get_attr",
                "value": "yaml_body"
              }
            ]
          ],
          "private": "eyJlMmJmYjczMC1lY2FhLTExZTYtOGY4OC0zNDM2M2JjN2M0YzAiOnsiY3JlYXRlIjo2MDAwMDAwMDAwMDB9LCJzY2hlbWFfdmVyc2lvbiI6IjEifQ==",
          "dependencies": [
            "module.kind_camel-k.kubectl_manifest.configmap_imc_channel",
            "module.kind_camel-k.terraform_data.broker_in_memory",
            "module.kind_camel-k.terraform_data.channel_in_memory",
            "module.kind_camel-k.terraform_data.dnssslip_io",
            "module.kind_camel-k.terraform_data.eventing",
            "module.kind_camel-k.terraform_data.hpa_autoscaling",
            "module.kind_camel-k.terraform_data.knserving",
            "module.kind_camel-k.terraform_data.kourier",
            "module.kind_camel-k.terraform_data.serving_verify",
            "module.kind_cluster.data.kubernetes_service.registry_svc",
            "module.kind_cluster.kind_cluster.kind",
            "module.kind_cluster.null_resource.delete_kind_instance",
            "module.kind_cluster.terraform_data.install_registry"
          ]
        }
      ]
    },
    {
      "module": "module.kind_camel-k",
      "mode": "managed",
      "type": "kubectl_manifest",
      "name": "configmap_imc_channel",
      "provider": "provider[\"registry.terraform.io/gavinbunney/kubectl\"].kubectl_kind",
      "instances": [
        {
          "schema_version": 1,
          "attributes": {
            "api_version": "v1",
            "apply_only": false,
            "force_conflicts": false,
            "force_new": false,
            "id": "/api/v1/namespaces/knative-eventing/configmaps/imc-channel",
            "ignore_fields": null,
            "kind": "ConfigMap",
            "live_manifest_incluster": "7bed3630ff7365b47ad3ee92634d9fed10e066c64d50d0eea024f9679cda2f62",
            "live_uid": "2264436f-46a2-49fb-95bc-7ebc17d5597f",
            "name": "imc-channel",
            "namespace": "knative-eventing",
            "override_namespace": null,
            "sensitive_fields": null,
            "server_side_apply": false,
            "timeouts": null,
            "uid": "2264436f-46a2-49fb-95bc-7ebc17d5597f",
            "validate_schema": true,
            "wait": null,
            "wait_for_rollout": true,
            "yaml_body": "apiVersion: v1\nkind: ConfigMap\nmetadata:\n  name: imc-channel\n  namespace: knative-eventing\ndata:\n  channel-template-spec: |\n    apiVersion: messaging.knative.dev/v1\n    kind: InMemoryChannel\n",
            "yaml_body_parsed": "apiVersion: v1\ndata:\n  channel-template-spec: |\n    apiVersion: messaging.knative.dev/v1\n    kind: InMemoryChannel\nkind: ConfigMap\nmetadata:\n  name: imc-channel\n  namespace: knative-eventing\n",
            "yaml_incluster": "7bed3630ff7365b47ad3ee92634d9fed10e066c64d50d0eea024f9679cda2f62"
          },
          "sensitive_attributes": [
            [
              {
                "type": "get_attr",
                "value": "yaml_body"
              }
            ],
            [
              {
                "type": "get_attr",
                "value": "live_manifest_incluster"
              }
            ],
            [
              {
                "type": "get_attr",
                "value": "yaml_incluster"
              }
            ]
          ],
          "private": "eyJlMmJmYjczMC1lY2FhLTExZTYtOGY4OC0zNDM2M2JjN2M0YzAiOnsiY3JlYXRlIjo2MDAwMDAwMDAwMDB9LCJzY2hlbWFfdmVyc2lvbiI6IjEifQ==",
          "dependencies": [
            "module.kind_camel-k.terraform_data.broker_in_memory",
            "module.kind_camel-k.terraform_data.channel_in_memory",
            "module.kind_camel-k.terraform_data.dnssslip_io",
            "module.kind_camel-k.terraform_data.eventing",
            "module.kind_camel-k.terraform_data.hpa_autoscaling",
            "module.kind_camel-k.terraform_data.knserving",
            "module.kind_camel-k.terraform_data.kourier",
            "module.kind_camel-k.terraform_data.serving_verify",
            "module.kind_cluster.data.kubernetes_service.registry_svc",
            "module.kind_cluster.kind_cluster.kind",
            "module.kind_cluster.null_resource.delete_kind_instance",
            "module.kind_cluster.terraform_data.install_registry"
          ]
        }
      ]
    },
    {
      "module": "module.kind_camel-k",
      "mode": "managed",
      "type": "kubectl_manifest",
      "name": "configure_broker_default",
      "provider": "provider[\"registry.terraform.io/gavinbunney/kubectl\"].kubectl_kind",
      "instances": [
        {
          "schema_version": 1,
          "attributes": {
            "api_version": "eventing.knative.dev/v1",
            "apply_only": false,
            "force_conflicts": false,
            "force_new": false,
            "id": "/apis/eventing.knative.dev/v1/namespaces/knative-eventing/brokers/default",
            "ignore_fields": null,
            "kind": "Broker",
            "live_manifest_incluster": "31be0dc7811d685c9bab6715b9013b59e890b8d58462294821c481ae7a9f673f",
            "live_uid": "7d7d06df-083c-4b64-9135-23a86a041a53",
            "name": "default",
            "namespace": "knative-eventing",
            "override_namespace": null,
            "sensitive_fields": null,
            "server_side_apply": false,
            "timeouts": null,
            "uid": "7d7d06df-083c-4b64-9135-23a86a041a53",
            "validate_schema": true,
            "wait": null,
            "wait_for_rollout": true,
            "yaml_body": "apiVersion: eventing.knative.dev/v1\nkind: Broker\nmetadata:\n  annotations:\n    eventing.knative.dev/broker.class: MTChannelBasedBroker\n  name: default\n  namespace: knative-eventing\n",
            "yaml_body_parsed": "apiVersion: eventing.knative.dev/v1\nkind: Broker\nmetadata:\n  annotations:\n    eventing.knative.dev/broker.class: MTChannelBasedBroker\n  name: default\n  namespace: knative-eventing\n",
            "yaml_incluster": "31be0dc7811d685c9bab6715b9013b59e890b8d58462294821c481ae7a9f673f"
          },
          "sensitive_attributes": [
            [
              {
                "type": "get_attr",
                "value": "yaml_incluster"
              }
            ],
            [
              {
                "type": "get_attr",
                "value": "yaml_body"
              }
            ],
            [
              {
                "type": "get_attr",
                "value": "live_manifest_incluster"
              }
            ]
          ],
          "private": "eyJlMmJmYjczMC1lY2FhLTExZTYtOGY4OC0zNDM2M2JjN2M0YzAiOnsiY3JlYXRlIjo2MDAwMDAwMDAwMDB9LCJzY2hlbWFfdmVyc2lvbiI6IjEifQ==",
          "dependencies": [
            "module.kind_camel-k.kubectl_manifest.configmap_config_br_defaults",
            "module.kind_camel-k.kubectl_manifest.configmap_imc_channel",
            "module.kind_camel-k.terraform_data.broker_in_memory",
            "module.kind_camel-k.terraform_data.channel_in_memory",
            "module.kind_camel-k.terraform_data.dnssslip_io",
            "module.kind_camel-k.terraform_data.eventing",
            "module.kind_camel-k.terraform_data.hpa_autoscaling",
            "module.kind_camel-k.terraform_data.knserving",
            "module.kind_camel-k.terraform_data.kourier",
            "module.kind_camel-k.terraform_data.serving_verify",
            "module.kind_cluster.data.kubernetes_service.registry_svc",
            "module.kind_cluster.kind_cluster.kind",
            "module.kind_cluster.null_resource.delete_kind_instance",
            "module.kind_cluster.terraform_data.install_registry"
          ]
        }
      ]
    },
    {
      "module": "module.kind_camel-k",
      "mode": "managed",
      "type": "kubectl_manifest",
      "name": "fx_market_externals_deployment",
      "provider": "provider[\"registry.terraform.io/gavinbunney/kubectl\"].kubectl_kind",
      "instances": [
        {
          "schema_version": 1,
          "attributes": {
            "api_version": "apps/v1",
            "apply_only": false,
            "force_conflicts": false,
            "force_new": false,
            "id": "/apis/apps/v1/namespaces/knative-eventing/deployments/fx-market-data-stub",
            "ignore_fields": null,
            "kind": "Deployment",
            "live_manifest_incluster": "94e7af58ffced504ae6550efc841f5f17c6c45231b74f54c0ea15aadf6db3f75",
            "live_uid": "f987b6b7-27ef-489e-8417-c9e20c874cb9",
            "name": "fx-market-data-stub",
            "namespace": "knative-eventing",
            "override_namespace": null,
            "sensitive_fields": null,
            "server_side_apply": false,
            "timeouts": null,
            "uid": "f987b6b7-27ef-489e-8417-c9e20c874cb9",
            "validate_schema": true,
            "wait": null,
            "wait_for_rollout": true,
            "yaml_body": "apiVersion: apps/v1\nkind: Deployment\nmetadata:\n  name: fx-market-data-stub\n  namespace: knative-eventing\n  labels:\n    app: fx-market-data-stub\n    release: fx-market-externals\n    version: 0.0.1\nspec:\n  replicas:\n  selector:\n    matchLabels:\n      app: fx-market-data-stub\n      release: fx-market-externals\n  template:\n    metadata:\n      labels:\n        app: fx-market-data-stub\n        release: fx-market-externals\n        version: 0.0.1\n    spec:\n      containers:\n        - name: fx-market-data-stub\n          image: \"docker.io/adriannbalaban/market-data-stub:0.0.1\"\n          imagePullPolicy:\n          env:\n\n          ports:\n            - name: http\n              containerPort: 3080\n              protocol: TCP\n          resources:\n            limits:\n              cpu: 1\n              memory: 1024Mi\n            requests:\n              cpu: 500m\n              memory: 512Mi\n          volumeMounts:\n      topologySpreadConstraints:\n      - maxSkew: 6\n        topologyKey: kubernetes.io/hostname\n        whenUnsatisfiable: DoNotSchedule\n        labelSelector:\n          matchLabels:\n            release: fx-market-externals\n",
            "yaml_body_parsed": "apiVersion: apps/v1\nkind: Deployment\nmetadata:\n  labels:\n    app: fx-market-data-stub\n    release: fx-market-externals\n    version: 0.0.1\n  name: fx-market-data-stub\n  namespace: knative-eventing\nspec:\n  replicas: null\n  selector:\n    matchLabels:\n      app: fx-market-data-stub\n      release: fx-market-externals\n  template:\n    metadata:\n      labels:\n        app: fx-market-data-stub\n        release: fx-market-externals\n        version: 0.0.1\n    spec:\n      containers:\n      - env: null\n        image: docker.io/adriannbalaban/market-data-stub:0.0.1\n        imagePullPolicy: null\n        name: fx-market-data-stub\n        ports:\n        - containerPort: 3080\n          name: http\n          protocol: TCP\n        resources:\n          limits:\n            cpu: 1\n            memory: 1024Mi\n          requests:\n            cpu: 500m\n            memory: 512Mi\n        volumeMounts: null\n      topologySpreadConstraints:\n      - labelSelector:\n          matchLabels:\n            release: fx-market-externals\n        maxSkew: 6\n        topologyKey: kubernetes.io/hostname\n        whenUnsatisfiable: DoNotSchedule\n",
            "yaml_incluster": "94e7af58ffced504ae6550efc841f5f17c6c45231b74f54c0ea15aadf6db3f75"
          },
          "sensitive_attributes": [
            [
              {
                "type": "get_attr",
                "value": "yaml_body"
              }
            ],
            [
              {
                "type": "get_attr",
                "value": "yaml_incluster"
              }
            ],
            [
              {
                "type": "get_attr",
                "value": "live_manifest_incluster"
              }
            ]
          ],
          "private": "eyJlMmJmYjczMC1lY2FhLTExZTYtOGY4OC0zNDM2M2JjN2M0YzAiOnsiY3JlYXRlIjo2MDAwMDAwMDAwMDB9LCJzY2hlbWFfdmVyc2lvbiI6IjEifQ==",
          "dependencies": [
            "module.kind_camel-k.kubectl_manifest.camel_k_integration_platform",
            "module.kind_camel-k.kubectl_manifest.configmap_config_br_defaults",
            "module.kind_camel-k.kubectl_manifest.configmap_imc_channel",
            "module.kind_camel-k.kubectl_manifest.configure_broker_default",
            "module.kind_camel-k.null_resource.kamel_run_market_source",
            "module.kind_camel-k.null_resource.set_default_namespace",
            "module.kind_camel-k.terraform_data.broker_in_memory",
            "module.kind_camel-k.terraform_data.broker_verify",
            "module.kind_camel-k.terraform_data.camel_k",
            "module.kind_camel-k.terraform_data.camel_k_verify",
            "module.kind_camel-k.terraform_data.channel_in_memory",
            "module.kind_camel-k.terraform_data.create-secret-for-docker-registry",
            "module.kind_camel-k.terraform_data.dnssslip_io",
            "module.kind_camel-k.terraform_data.eventing",
            "module.kind_camel-k.terraform_data.hpa_autoscaling",
            "module.kind_camel-k.terraform_data.knserving",
            "module.kind_camel-k.terraform_data.kourier",
            "module.kind_camel-k.terraform_data.serving_verify",
            "module.kind_cluster.data.kubernetes_service.registry_svc",
            "module.kind_cluster.kind_cluster.kind",
            "module.kind_cluster.null_resource.delete_kind_instance",
            "module.kind_cluster.terraform_data.install_registry"
          ]
        }
      ]
    },
    {
      "module": "module.kind_camel-k",
      "mode": "managed",
      "type": "kubectl_manifest",
      "name": "fx_market_externals_stub",
      "provider": "provider[\"registry.terraform.io/gavinbunney/kubectl\"].kubectl_kind",
      "instances": [
        {
          "schema_version": 1,
          "attributes": {
            "api_version": "v1",
            "apply_only": false,
            "force_conflicts": false,
            "force_new": false,
            "id": "/api/v1/namespaces/knative-eventing/services/fx-market-data-stub-svc",
            "ignore_fields": null,
            "kind": "Service",
            "live_manifest_incluster": "79ee52686584e2e664bf2f8b8bf918c623b0e8af8fa77daaf8cf26f3cc519b28",
            "live_uid": "f87e8450-093d-46f6-a6ab-1ffb73d76311",
            "name": "fx-market-data-stub-svc",
            "namespace": "knative-eventing",
            "override_namespace": null,
            "sensitive_fields": null,
            "server_side_apply": false,
            "timeouts": null,
            "uid": "f87e8450-093d-46f6-a6ab-1ffb73d76311",
            "validate_schema": true,
            "wait": null,
            "wait_for_rollout": true,
            "yaml_body": "apiVersion: v1\nkind: Service\nmetadata:\n  name: fx-market-data-stub-svc\n  namespace: knative-eventing\n  labels:\n    release: fx-market-externals\nspec:\n  type: ClusterIP\n  ports:\n    - port: 3080\n      targetPort: 3080\n      protocol: TCP\n      name: http\n  selector:\n    app: fx-market-data-stub\n",
            "yaml_body_parsed": "apiVersion: v1\nkind: Service\nmetadata:\n  labels:\n    release: fx-market-externals\n  name: fx-market-data-stub-svc\n  namespace: knative-eventing\nspec:\n  ports:\n  - name: http\n    port: 3080\n    protocol: TCP\n    targetPort: 3080\n  selector:\n    app: fx-market-data-stub\n  type: ClusterIP\n",
            "yaml_incluster": "79ee52686584e2e664bf2f8b8bf918c623b0e8af8fa77daaf8cf26f3cc519b28"
          },
          "sensitive_attributes": [
            [
              {
                "type": "get_attr",
                "value": "yaml_body"
              }
            ],
            [
              {
                "type": "get_attr",
                "value": "yaml_incluster"
              }
            ],
            [
              {
                "type": "get_attr",
                "value": "live_manifest_incluster"
              }
            ]
          ],
          "private": "eyJlMmJmYjczMC1lY2FhLTExZTYtOGY4OC0zNDM2M2JjN2M0YzAiOnsiY3JlYXRlIjo2MDAwMDAwMDAwMDB9LCJzY2hlbWFfdmVyc2lvbiI6IjEifQ==",
          "dependencies": [
            "module.kind_camel-k.kubectl_manifest.camel_k_integration_platform",
            "module.kind_camel-k.kubectl_manifest.configmap_config_br_defaults",
            "module.kind_camel-k.kubectl_manifest.configmap_imc_channel",
            "module.kind_camel-k.kubectl_manifest.configure_broker_default",
            "module.kind_camel-k.kubectl_manifest.fx_market_externals_deployment",
            "module.kind_camel-k.null_resource.kamel_run_market_source",
            "module.kind_camel-k.null_resource.set_default_namespace",
            "module.kind_camel-k.terraform_data.broker_in_memory",
            "module.kind_camel-k.terraform_data.broker_verify",
            "module.kind_camel-k.terraform_data.camel_k",
            "module.kind_camel-k.terraform_data.camel_k_verify",
            "module.kind_camel-k.terraform_data.channel_in_memory",
            "module.kind_camel-k.terraform_data.create-secret-for-docker-registry",
            "module.kind_camel-k.terraform_data.dnssslip_io",
            "module.kind_camel-k.terraform_data.eventing",
            "module.kind_camel-k.terraform_data.hpa_autoscaling",
            "module.kind_camel-k.terraform_data.knserving",
            "module.kind_camel-k.terraform_data.kourier",
            "module.kind_camel-k.terraform_data.serving_verify",
            "module.kind_cluster.data.kubernetes_service.registry_svc",
            "module.kind_cluster.kind_cluster.kind",
            "module.kind_cluster.null_resource.delete_kind_instance",
            "module.kind_cluster.terraform_data.install_registry"
          ]
        }
      ]
    },
    {
      "module": "module.kind_camel-k",
      "mode": "managed",
      "type": "null_resource",
      "name": "kamel_run_market_source",
      "provider": "provider[\"registry.terraform.io/hashicorp/null\"].null_kind",
      "instances": [
        {
          "schema_version": 0,
          "attributes": {
            "id": "5316048276966128849",
            "triggers": null
          },
          "sensitive_attributes": [],
          "dependencies": [
            "module.kind_camel-k.kubectl_manifest.camel_k_integration_platform",
            "module.kind_camel-k.kubectl_manifest.configmap_config_br_defaults",
            "module.kind_camel-k.kubectl_manifest.configmap_imc_channel",
            "module.kind_camel-k.kubectl_manifest.configure_broker_default",
            "module.kind_camel-k.null_resource.set_default_namespace",
            "module.kind_camel-k.terraform_data.broker_in_memory",
            "module.kind_camel-k.terraform_data.broker_verify",
            "module.kind_camel-k.terraform_data.camel_k",
            "module.kind_camel-k.terraform_data.camel_k_verify",
            "module.kind_camel-k.terraform_data.channel_in_memory",
            "module.kind_camel-k.terraform_data.create-secret-for-docker-registry",
            "module.kind_camel-k.terraform_data.dnssslip_io",
            "module.kind_camel-k.terraform_data.eventing",
            "module.kind_camel-k.terraform_data.hpa_autoscaling",
            "module.kind_camel-k.terraform_data.knserving",
            "module.kind_camel-k.terraform_data.kourier",
            "module.kind_camel-k.terraform_data.serving_verify",
            "module.kind_cluster.data.kubernetes_service.registry_svc",
            "module.kind_cluster.kind_cluster.kind",
            "module.kind_cluster.null_resource.delete_kind_instance",
            "module.kind_cluster.terraform_data.install_registry"
          ]
        }
      ]
    },
    {
      "module": "module.kind_camel-k",
      "mode": "managed",
      "type": "null_resource",
      "name": "set_default_namespace",
      "provider": "provider[\"registry.terraform.io/hashicorp/null\"].null_kind",
      "instances": [
        {
          "schema_version": 0,
          "attributes": {
            "id": "327561073549810828",
            "triggers": null
          },
          "sensitive_attributes": [],
          "dependencies": [
            "module.kind_camel-k.kubectl_manifest.camel_k_integration_platform",
            "module.kind_camel-k.kubectl_manifest.configmap_config_br_defaults",
            "module.kind_camel-k.kubectl_manifest.configmap_imc_channel",
            "module.kind_camel-k.kubectl_manifest.configure_broker_default",
            "module.kind_camel-k.terraform_data.broker_in_memory",
            "module.kind_camel-k.terraform_data.broker_verify",
            "module.kind_camel-k.terraform_data.camel_k",
            "module.kind_camel-k.terraform_data.camel_k_verify",
            "module.kind_camel-k.terraform_data.channel_in_memory",
            "module.kind_camel-k.terraform_data.create-secret-for-docker-registry",
            "module.kind_camel-k.terraform_data.dnssslip_io",
            "module.kind_camel-k.terraform_data.eventing",
            "module.kind_camel-k.terraform_data.hpa_autoscaling",
            "module.kind_camel-k.terraform_data.knserving",
            "module.kind_camel-k.terraform_data.kourier",
            "module.kind_camel-k.terraform_data.serving_verify",
            "module.kind_cluster.data.kubernetes_service.registry_svc",
            "module.kind_cluster.kind_cluster.kind",
            "module.kind_cluster.null_resource.delete_kind_instance",
            "module.kind_cluster.terraform_data.install_registry"
          ]
        }
      ]
    },
    {
      "module": "module.kind_camel-k",
      "mode": "managed",
      "type": "terraform_data",
      "name": "broker_in_memory",
      "provider": "provider[\"terraform.io/builtin/terraform\"]",
      "instances": [
        {
          "schema_version": 0,
          "attributes": {
            "id": "446b9e52-4df8-efbc-8747-cecbb1b784c9",
            "input": null,
            "output": null,
            "triggers_replace": null
          },
          "sensitive_attributes": [],
          "dependencies": [
            "module.kind_camel-k.terraform_data.channel_in_memory",
            "module.kind_camel-k.terraform_data.dnssslip_io",
            "module.kind_camel-k.terraform_data.eventing",
            "module.kind_camel-k.terraform_data.hpa_autoscaling",
            "module.kind_camel-k.terraform_data.knserving",
            "module.kind_camel-k.terraform_data.kourier",
            "module.kind_camel-k.terraform_data.serving_verify",
            "module.kind_cluster.data.kubernetes_service.registry_svc",
            "module.kind_cluster.kind_cluster.kind",
            "module.kind_cluster.null_resource.delete_kind_instance",
            "module.kind_cluster.terraform_data.install_registry"
          ]
        }
      ]
    },
    {
      "module": "module.kind_camel-k",
      "mode": "managed",
      "type": "terraform_data",
      "name": "broker_verify",
      "provider": "provider[\"terraform.io/builtin/terraform\"]",
      "instances": [
        {
          "schema_version": 0,
          "attributes": {
            "id": "413232cf-0540-0eaa-82f3-6d3f001e0a19",
            "input": null,
            "output": null,
            "triggers_replace": null
          },
          "sensitive_attributes": [],
          "dependencies": [
            "module.kind_camel-k.kubectl_manifest.configmap_config_br_defaults",
            "module.kind_camel-k.kubectl_manifest.configmap_imc_channel",
            "module.kind_camel-k.kubectl_manifest.configure_broker_default",
            "module.kind_camel-k.terraform_data.broker_in_memory",
            "module.kind_camel-k.terraform_data.channel_in_memory",
            "module.kind_camel-k.terraform_data.dnssslip_io",
            "module.kind_camel-k.terraform_data.eventing",
            "module.kind_camel-k.terraform_data.hpa_autoscaling",
            "module.kind_camel-k.terraform_data.knserving",
            "module.kind_camel-k.terraform_data.kourier",
            "module.kind_camel-k.terraform_data.serving_verify",
            "module.kind_cluster.data.kubernetes_service.registry_svc",
            "module.kind_cluster.kind_cluster.kind",
            "module.kind_cluster.null_resource.delete_kind_instance",
            "module.kind_cluster.terraform_data.install_registry"
          ]
        }
      ]
    },
    {
      "module": "module.kind_camel-k",
      "mode": "managed",
      "type": "terraform_data",
      "name": "camel_k",
      "provider": "provider[\"terraform.io/builtin/terraform\"]",
      "instances": [
        {
          "schema_version": 0,
          "attributes": {
            "id": "ab19111a-f283-dc3a-0424-66fd9de30f60",
            "input": null,
            "output": null,
            "triggers_replace": null
          },
          "sensitive_attributes": [],
          "dependencies": [
            "module.kind_camel-k.kubectl_manifest.configmap_config_br_defaults",
            "module.kind_camel-k.kubectl_manifest.configmap_imc_channel",
            "module.kind_camel-k.kubectl_manifest.configure_broker_default",
            "module.kind_camel-k.terraform_data.broker_in_memory",
            "module.kind_camel-k.terraform_data.broker_verify",
            "module.kind_camel-k.terraform_data.channel_in_memory",
            "module.kind_camel-k.terraform_data.dnssslip_io",
            "module.kind_camel-k.terraform_data.eventing",
            "module.kind_camel-k.terraform_data.hpa_autoscaling",
            "module.kind_camel-k.terraform_data.knserving",
            "module.kind_camel-k.terraform_data.kourier",
            "module.kind_camel-k.terraform_data.serving_verify",
            "module.kind_cluster.data.kubernetes_service.registry_svc",
            "module.kind_cluster.kind_cluster.kind",
            "module.kind_cluster.null_resource.delete_kind_instance",
            "module.kind_cluster.terraform_data.install_registry"
          ]
        }
      ]
    },
    {
      "module": "module.kind_camel-k",
      "mode": "managed",
      "type": "terraform_data",
      "name": "camel_k_verify",
      "provider": "provider[\"terraform.io/builtin/terraform\"]",
      "instances": [
        {
          "schema_version": 0,
          "attributes": {
            "id": "cc5546ea-14c1-b55d-1450-d6b2069fd4a2",
            "input": null,
            "output": null,
            "triggers_replace": null
          },
          "sensitive_attributes": [],
          "dependencies": [
            "module.kind_camel-k.kubectl_manifest.configmap_config_br_defaults",
            "module.kind_camel-k.kubectl_manifest.configmap_imc_channel",
            "module.kind_camel-k.kubectl_manifest.configure_broker_default",
            "module.kind_camel-k.terraform_data.broker_in_memory",
            "module.kind_camel-k.terraform_data.broker_verify",
            "module.kind_camel-k.terraform_data.camel_k",
            "module.kind_camel-k.terraform_data.channel_in_memory",
            "module.kind_camel-k.terraform_data.dnssslip_io",
            "module.kind_camel-k.terraform_data.eventing",
            "module.kind_camel-k.terraform_data.hpa_autoscaling",
            "module.kind_camel-k.terraform_data.knserving",
            "module.kind_camel-k.terraform_data.kourier",
            "module.kind_camel-k.terraform_data.serving_verify",
            "module.kind_cluster.data.kubernetes_service.registry_svc",
            "module.kind_cluster.kind_cluster.kind",
            "module.kind_cluster.null_resource.delete_kind_instance",
            "module.kind_cluster.terraform_data.install_registry"
          ]
        }
      ]
    },
    {
      "module": "module.kind_camel-k",
      "mode": "managed",
      "type": "terraform_data",
      "name": "channel_in_memory",
      "provider": "provider[\"terraform.io/builtin/terraform\"]",
      "instances": [
        {
          "schema_version": 0,
          "attributes": {
            "id": "8670af8f-bd1f-e70f-e430-bd7e7161aad3",
            "input": null,
            "output": null,
            "triggers_replace": null
          },
          "sensitive_attributes": [],
          "dependencies": [
            "module.kind_camel-k.terraform_data.dnssslip_io",
            "module.kind_camel-k.terraform_data.eventing",
            "module.kind_camel-k.terraform_data.hpa_autoscaling",
            "module.kind_camel-k.terraform_data.knserving",
            "module.kind_camel-k.terraform_data.kourier",
            "module.kind_camel-k.terraform_data.serving_verify",
            "module.kind_cluster.data.kubernetes_service.registry_svc",
            "module.kind_cluster.kind_cluster.kind",
            "module.kind_cluster.null_resource.delete_kind_instance",
            "module.kind_cluster.terraform_data.install_registry"
          ]
        }
      ]
    },
    {
      "module": "module.kind_camel-k",
      "mode": "managed",
      "type": "terraform_data",
      "name": "create-secret-for-docker-registry",
      "provider": "provider[\"terraform.io/builtin/terraform\"]",
      "instances": [
        {
          "schema_version": 0,
          "attributes": {
            "id": "c6f08431-dc1a-d12d-765b-c56066dc25ee",
            "input": null,
            "output": null,
            "triggers_replace": null
          },
          "sensitive_attributes": [],
          "dependencies": [
            "module.kind_camel-k.kubectl_manifest.configmap_config_br_defaults",
            "module.kind_camel-k.kubectl_manifest.configmap_imc_channel",
            "module.kind_camel-k.kubectl_manifest.configure_broker_default",
            "module.kind_camel-k.terraform_data.broker_in_memory",
            "module.kind_camel-k.terraform_data.broker_verify",
            "module.kind_camel-k.terraform_data.camel_k",
            "module.kind_camel-k.terraform_data.camel_k_verify",
            "module.kind_camel-k.terraform_data.channel_in_memory",
            "module.kind_camel-k.terraform_data.dnssslip_io",
            "module.kind_camel-k.terraform_data.eventing",
            "module.kind_camel-k.terraform_data.hpa_autoscaling",
            "module.kind_camel-k.terraform_data.knserving",
            "module.kind_camel-k.terraform_data.kourier",
            "module.kind_camel-k.terraform_data.serving_verify",
            "module.kind_cluster.data.kubernetes_service.registry_svc",
            "module.kind_cluster.kind_cluster.kind",
            "module.kind_cluster.null_resource.delete_kind_instance",
            "module.kind_cluster.terraform_data.install_registry"
          ]
        }
      ]
    },
    {
      "module": "module.kind_camel-k",
      "mode": "managed",
      "type": "terraform_data",
      "name": "dnssslip_io",
      "provider": "provider[\"terraform.io/builtin/terraform\"]",
      "instances": [
        {
          "schema_version": 0,
          "attributes": {
            "id": "f6a1ef01-aadf-9d3a-f6c3-3dca1bbad6ef",
            "input": null,
            "output": null,
            "triggers_replace": null
          },
          "sensitive_attributes": [],
          "dependencies": [
            "module.kind_camel-k.terraform_data.knserving",
            "module.kind_camel-k.terraform_data.kourier",
            "module.kind_cluster.data.kubernetes_service.registry_svc",
            "module.kind_cluster.kind_cluster.kind",
            "module.kind_cluster.null_resource.delete_kind_instance",
            "module.kind_cluster.terraform_data.install_registry"
          ]
        }
      ]
    },
    {
      "module": "module.kind_camel-k",
      "mode": "managed",
      "type": "terraform_data",
      "name": "eurusd_extractor",
      "provider": "provider[\"terraform.io/builtin/terraform\"]",
      "instances": [
        {
          "schema_version": 0,
          "attributes": {
            "id": "4b4d92a7-7a4a-940c-c8cd-67e7c6edd534",
            "input": null,
            "output": null,
            "triggers_replace": null
          },
          "sensitive_attributes": [],
          "dependencies": [
            "module.kind_camel-k.kubectl_manifest.camel_k_integration_platform",
            "module.kind_camel-k.kubectl_manifest.configmap_config_br_defaults",
            "module.kind_camel-k.kubectl_manifest.configmap_imc_channel",
            "module.kind_camel-k.kubectl_manifest.configure_broker_default",
            "module.kind_camel-k.kubectl_manifest.fx_market_externals_deployment",
            "module.kind_camel-k.kubectl_manifest.fx_market_externals_stub",
            "module.kind_camel-k.null_resource.kamel_run_market_source",
            "module.kind_camel-k.null_resource.set_default_namespace",
            "module.kind_camel-k.terraform_data.broker_in_memory",
            "module.kind_camel-k.terraform_data.broker_verify",
            "module.kind_camel-k.terraform_data.camel_k",
            "module.kind_camel-k.terraform_data.camel_k_verify",
            "module.kind_camel-k.terraform_data.channel_in_memory",
            "module.kind_camel-k.terraform_data.create-secret-for-docker-registry",
            "module.kind_camel-k.terraform_data.dnssslip_io",
            "module.kind_camel-k.terraform_data.eventing",
            "module.kind_camel-k.terraform_data.hpa_autoscaling",
            "module.kind_camel-k.terraform_data.knserving",
            "module.kind_camel-k.terraform_data.kourier",
            "module.kind_camel-k.terraform_data.serving_verify",
            "module.kind_camel-k.terraform_data.sse_connector",
            "module.kind_cluster.data.kubernetes_service.registry_svc",
            "module.kind_cluster.kind_cluster.kind",
            "module.kind_cluster.null_resource.delete_kind_instance",
            "module.kind_cluster.terraform_data.install_registry"
          ]
        }
      ]
    },
    {
      "module": "module.kind_camel-k",
      "mode": "managed",
      "type": "terraform_data",
      "name": "eventing",
      "provider": "provider[\"terraform.io/builtin/terraform\"]",
      "instances": [
        {
          "schema_version": 0,
          "attributes": {
            "id": "82726fa2-b928-5560-c35c-3742f6e6b5ba",
            "input": null,
            "output": null,
            "triggers_replace": null
          },
          "sensitive_attributes": [],
          "dependencies": [
            "module.kind_camel-k.terraform_data.dnssslip_io",
            "module.kind_camel-k.terraform_data.hpa_autoscaling",
            "module.kind_camel-k.terraform_data.knserving",
            "module.kind_camel-k.terraform_data.kourier",
            "module.kind_camel-k.terraform_data.serving_verify",
            "module.kind_cluster.data.kubernetes_service.registry_svc",
            "module.kind_cluster.kind_cluster.kind",
            "module.kind_cluster.null_resource.delete_kind_instance",
            "module.kind_cluster.terraform_data.install_registry"
          ]
        }
      ]
    },
    {
      "module": "module.kind_camel-k",
      "mode": "managed",
      "type": "terraform_data",
      "name": "hpa_autoscaling",
      "provider": "provider[\"terraform.io/builtin/terraform\"]",
      "instances": [
        {
          "schema_version": 0,
          "attributes": {
            "id": "e86c9a9b-fcb9-2a21-c40a-78a495aba359",
            "input": null,
            "output": null,
            "triggers_replace": null
          },
          "sensitive_attributes": [],
          "dependencies": [
            "module.kind_camel-k.terraform_data.dnssslip_io",
            "module.kind_camel-k.terraform_data.knserving",
            "module.kind_camel-k.terraform_data.kourier",
            "module.kind_cluster.data.kubernetes_service.registry_svc",
            "module.kind_cluster.kind_cluster.kind",
            "module.kind_cluster.null_resource.delete_kind_instance",
            "module.kind_cluster.terraform_data.install_registry"
          ]
        }
      ]
    },
    {
      "module": "module.kind_camel-k",
      "mode": "managed",
      "type": "terraform_data",
      "name": "knserving",
      "provider": "provider[\"terraform.io/builtin/terraform\"]",
      "instances": [
        {
          "schema_version": 0,
          "attributes": {
            "id": "3130d229-d5c3-1b5c-b6e6-bd8d613d8b57",
            "input": null,
            "output": null,
            "triggers_replace": null
          },
          "sensitive_attributes": [],
          "dependencies": [
            "module.kind_cluster.data.kubernetes_service.registry_svc",
            "module.kind_cluster.kind_cluster.kind",
            "module.kind_cluster.null_resource.delete_kind_instance",
            "module.kind_cluster.terraform_data.install_registry"
          ]
        }
      ]
    },
    {
      "module": "module.kind_camel-k",
      "mode": "managed",
      "type": "terraform_data",
      "name": "kourier",
      "provider": "provider[\"terraform.io/builtin/terraform\"]",
      "instances": [
        {
          "schema_version": 0,
          "attributes": {
            "id": "ae850b0e-925f-b34e-b259-8a3bdd614638",
            "input": null,
            "output": null,
            "triggers_replace": null
          },
          "sensitive_attributes": [],
          "dependencies": [
            "module.kind_camel-k.terraform_data.knserving",
            "module.kind_cluster.data.kubernetes_service.registry_svc",
            "module.kind_cluster.kind_cluster.kind",
            "module.kind_cluster.null_resource.delete_kind_instance",
            "module.kind_cluster.terraform_data.install_registry"
          ]
        }
      ]
    },
    {
      "module": "module.kind_camel-k",
      "mode": "managed",
      "type": "terraform_data",
      "name": "printer_of_events",
      "provider": "provider[\"terraform.io/builtin/terraform\"]",
      "instances": [
        {
          "schema_version": 0,
          "attributes": {
            "id": "3bcc2cd8-9be2-4b63-9f60-97c3079e6a75",
            "input": null,
            "output": null,
            "triggers_replace": null
          },
          "sensitive_attributes": [],
          "dependencies": [
            "module.kind_camel-k.kubectl_manifest.camel_k_integration_platform",
            "module.kind_camel-k.kubectl_manifest.configmap_config_br_defaults",
            "module.kind_camel-k.kubectl_manifest.configmap_imc_channel",
            "module.kind_camel-k.kubectl_manifest.configure_broker_default",
            "module.kind_camel-k.kubectl_manifest.fx_market_externals_deployment",
            "module.kind_camel-k.kubectl_manifest.fx_market_externals_stub",
            "module.kind_camel-k.null_resource.kamel_run_market_source",
            "module.kind_camel-k.null_resource.set_default_namespace",
            "module.kind_camel-k.terraform_data.broker_in_memory",
            "module.kind_camel-k.terraform_data.broker_verify",
            "module.kind_camel-k.terraform_data.camel_k",
            "module.kind_camel-k.terraform_data.camel_k_verify",
            "module.kind_camel-k.terraform_data.channel_in_memory",
            "module.kind_camel-k.terraform_data.create-secret-for-docker-registry",
            "module.kind_camel-k.terraform_data.dnssslip_io",
            "module.kind_camel-k.terraform_data.eurusd_extractor",
            "module.kind_camel-k.terraform_data.eventing",
            "module.kind_camel-k.terraform_data.hpa_autoscaling",
            "module.kind_camel-k.terraform_data.knserving",
            "module.kind_camel-k.terraform_data.kourier",
            "module.kind_camel-k.terraform_data.serving_verify",
            "module.kind_camel-k.terraform_data.sse_connector",
            "module.kind_cluster.data.kubernetes_service.registry_svc",
            "module.kind_cluster.kind_cluster.kind",
            "module.kind_cluster.null_resource.delete_kind_instance",
            "module.kind_cluster.terraform_data.install_registry"
          ]
        }
      ]
    },
    {
      "module": "module.kind_camel-k",
      "mode": "managed",
      "type": "terraform_data",
      "name": "serving_verify",
      "provider": "provider[\"terraform.io/builtin/terraform\"]",
      "instances": [
        {
          "schema_version": 0,
          "attributes": {
            "id": "d4ddd1b9-ea58-cee2-b803-ab8afebaa45a",
            "input": null,
            "output": null,
            "triggers_replace": null
          },
          "sensitive_attributes": [],
          "dependencies": [
            "module.kind_camel-k.terraform_data.dnssslip_io",
            "module.kind_camel-k.terraform_data.hpa_autoscaling",
            "module.kind_camel-k.terraform_data.knserving",
            "module.kind_camel-k.terraform_data.kourier",
            "module.kind_cluster.data.kubernetes_service.registry_svc",
            "module.kind_cluster.kind_cluster.kind",
            "module.kind_cluster.null_resource.delete_kind_instance",
            "module.kind_cluster.terraform_data.install_registry"
          ]
        }
      ]
    },
    {
      "module": "module.kind_camel-k",
      "mode": "managed",
      "type": "terraform_data",
      "name": "sse_connector",
      "provider": "provider[\"terraform.io/builtin/terraform\"]",
      "instances": [
        {
          "schema_version": 0,
          "attributes": {
            "id": "23ebeb50-6dac-66b2-0b17-814c521c7195",
            "input": null,
            "output": null,
            "triggers_replace": null
          },
          "sensitive_attributes": [],
          "dependencies": [
            "module.kind_camel-k.kubectl_manifest.camel_k_integration_platform",
            "module.kind_camel-k.kubectl_manifest.configmap_config_br_defaults",
            "module.kind_camel-k.kubectl_manifest.configmap_imc_channel",
            "module.kind_camel-k.kubectl_manifest.configure_broker_default",
            "module.kind_camel-k.kubectl_manifest.fx_market_externals_deployment",
            "module.kind_camel-k.kubectl_manifest.fx_market_externals_stub",
            "module.kind_camel-k.null_resource.kamel_run_market_source",
            "module.kind_camel-k.null_resource.set_default_namespace",
            "module.kind_camel-k.terraform_data.broker_in_memory",
            "module.kind_camel-k.terraform_data.broker_verify",
            "module.kind_camel-k.terraform_data.camel_k",
            "module.kind_camel-k.terraform_data.camel_k_verify",
            "module.kind_camel-k.terraform_data.channel_in_memory",
            "module.kind_camel-k.terraform_data.create-secret-for-docker-registry",
            "module.kind_camel-k.terraform_data.dnssslip_io",
            "module.kind_camel-k.terraform_data.eventing",
            "module.kind_camel-k.terraform_data.hpa_autoscaling",
            "module.kind_camel-k.terraform_data.knserving",
            "module.kind_camel-k.terraform_data.kourier",
            "module.kind_camel-k.terraform_data.serving_verify",
            "module.kind_cluster.data.kubernetes_service.registry_svc",
            "module.kind_cluster.kind_cluster.kind",
            "module.kind_cluster.null_resource.delete_kind_instance",
            "module.kind_cluster.terraform_data.install_registry"
          ]
        }
      ]
    },
    {
      "module": "module.kind_cluster",
      "mode": "data",
      "type": "kubernetes_service",
      "name": "registry_svc",
      "provider": "provider[\"registry.terraform.io/hashicorp/kubernetes\"].kubernetes_kind",
      "instances": [
        {
          "schema_version": 0,
          "attributes": {
            "id": "kube-system/docker-registry",
            "metadata": [
              {
                "annotations": {
                  "meta.helm.sh/release-name": "docker-registry",
                  "meta.helm.sh/release-namespace": "kube-system"
                },
                "generation": 0,
                "labels": {
                  "app": "docker-registry",
                  "app.kubernetes.io/managed-by": "Helm",
                  "chart": "docker-registry-1.9.9",
                  "heritage": "Helm",
                  "release": "docker-registry"
                },
                "name": "docker-registry",
                "namespace": "kube-system",
                "resource_version": "435",
                "uid": "9f45d7e9-680a-4428-bd53-a41a25738079"
              }
            ],
            "spec": [
              {
                "allocate_load_balancer_node_ports": true,
                "cluster_ip": "10.96.19.220",
                "cluster_ips": [
                  "10.96.19.220"
                ],
                "external_ips": [],
                "external_name": "",
                "external_traffic_policy": "",
                "health_check_node_port": 0,
                "internal_traffic_policy": "Cluster",
                "ip_families": [
                  "IPv4"
                ],
                "ip_family_policy": "SingleStack",
                "load_balancer_class": "",
                "load_balancer_ip": "",
                "load_balancer_source_ranges": [],
                "port": [
                  {
                    "app_protocol": "",
                    "name": "registry",
                    "node_port": 0,
                    "port": 5000,
                    "protocol": "TCP",
                    "target_port": "5000"
                  }
                ],
                "publish_not_ready_addresses": false,
                "selector": {
                  "app": "docker-registry",
                  "release": "docker-registry"
                },
                "session_affinity": "None",
                "session_affinity_config": [],
                "type": "ClusterIP"
              }
            ],
            "status": [
              {
                "load_balancer": [
                  {
                    "ingress": []
                  }
                ]
              }
            ]
          },
          "sensitive_attributes": []
        }
      ]
    },
    {
      "module": "module.kind_cluster",
      "mode": "managed",
      "type": "kind_cluster",
      "name": "kind",
      "provider": "provider[\"registry.terraform.io/tehcyx/kind\"]",
      "instances": [
        {
          "schema_version": 0,
          "attributes": {
            "client_certificate": "-----BEGIN CERTIFICATE-----\nMIIDKTCCAhGgAwIBAgIIesB48Zv3+x8wDQYJKoZIhvcNAQELBQAwFTETMBEGA1UE\nAxMKa3ViZXJuZXRlczAeFw0yNTAxMTcwNjI3MjNaFw0yNjAxMTcwNjMyMjNaMDwx\nHzAdBgNVBAoTFmt1YmVhZG06Y2x1c3Rlci1hZG1pbnMxGTAXBgNVBAMTEGt1YmVy\nbmV0ZXMtYWRtaW4wggEiMA0GCSqGSIb3DQEBAQUAA4IBDwAwggEKAoIBAQD8z/O1\nY2zCTS7oMIq0wwxStc5uVV+I7mgQbhxn+CWC+74/3qr1pxH/2/AzerO+PR2ot0xE\nvQq052YcdpUukY6HyZnTg0Do5iFnE4vqdinERUTEnsK4YGzYtkw8g8gfGJklnUZw\n2sZg+6PxZvWBIniRotA1Ay6C7X7S1xY6hJP1WY4daw0gae77Cr9MM3Tkul0SJojI\nTuMGDK8sTGqXfCc4AUMiIm8q+cxYckVOiSoedr7PFMvKXX8TMiACS4OuDJU2qnt0\nTMHPzCk0SufkXSBFvhUmD+ALc6a09IzqucuEPbWdwaMs3pkLR29lBe9jd2TygEfQ\nLoVRpc9AUxpcl6RBAgMBAAGjVjBUMA4GA1UdDwEB/wQEAwIFoDATBgNVHSUEDDAK\nBggrBgEFBQcDAjAMBgNVHRMBAf8EAjAAMB8GA1UdIwQYMBaAFOPjngx4jmu6CFey\nDShdgqH3SjqmMA0GCSqGSIb3DQEBCwUAA4IBAQCNug8JqTWY6Muyzys2U3c2sS+o\nqVJM6w/16VShYL+otasgC1BaqyrXcvAy5yID+WK760HMoy3pKH/0/g7JN3my2n6b\nalamQH3oN7C01Izk2W+XmNDdu3Q2UMrxmZ0dawx1BQrTcsuitbrEOZ0YlsEjjsO6\nZ11To2idME8wP8/YHHgGjvCffgwFjfrjpXtBGSzEKjHbiroswXv/zRQlOsD1LbZO\nEpSrojnNfcO6RECHfU95oF3RsIE9poGZWH7VDWtX42bu11CHtPq7c8OgRx7qTqRc\nZbMEReP/QQjSGkN8g548YskV9rD4disRMovRm3ecRVx2dbPddukmiIImhSCr\n-----END CERTIFICATE-----\n",
            "client_key": "-----BEGIN RSA PRIVATE KEY-----\nMIIEpAIBAAKCAQEA/M/ztWNswk0u6DCKtMMMUrXOblVfiO5oEG4cZ/glgvu+P96q\n9acR/9vwM3qzvj0dqLdMRL0KtOdmHHaVLpGOh8mZ04NA6OYhZxOL6nYpxEVExJ7C\nuGBs2LZMPIPIHxiZJZ1GcNrGYPuj8Wb1gSJ4kaLQNQMugu1+0tcWOoST9VmOHWsN\nIGnu+wq/TDN05LpdEiaIyE7jBgyvLExql3wnOAFDIiJvKvnMWHJFTokqHna+zxTL\nyl1/EzIgAkuDrgyVNqp7dEzBz8wpNErn5F0gRb4VJg/gC3OmtPSM6rnLhD21ncGj\nLN6ZC0dvZQXvY3dk8oBH0C6FUaXPQFMaXJekQQIDAQABAoIBAQDWpUzbFeZydgu8\ncfJilTQySVBSl0O8xAYw5PxTPfnDYzBdlBV86nO606b2XlibzdIPvEkSF5sui0VE\nJ150IntsSLvFPKxw0WtM0+i4kcjWbqV7dvwGhUAFI4pI2u6fkEf/CrCTAvzpvN2u\nCWeqU3Ug2aaDTAdCfJhwNNQXrRbeeJHS1IloGSCYz1SdbD7+DgODGDkrs45Lh1wU\nIlijYD9JuDWAw9Tj5xSpY3zjnTvGlBzv2wFq1MLcYT17BcWe5z2fVHZOIkdybh3y\nDobd18Ilh4Ln9LFI1vHZKL89NQtYIrZeKxPaSAX7+liunBbuq78CscFrz1PKNmzC\nDngBu5jdAoGBAP/36tCp6ww9bU4dAtUnb5MmUIV84lOU1iqOrSMBHQIQpChGBhmg\nlh2nJywdj8TjQrs3hMBXE2Ma2TbUrspYzw0o6t4yltGGbs//kdt3w4JEFUv1wSGI\nx58KarGqNPDn/0d6iBTKTKSjATuvnonff1LzfJOx2cQ32SgFZGQWkH+bAoGBAPzX\n72FVxJtkdQ4BxZqUoW/UJK9DGkC1haJtJYo+lJyyBzw/ZLzkq5I9QvQrJPxfI+Us\nBlobDPwo6ZZB6zW+WsH1+KywghEmsNPWnxGCzhfwZhrnvLEm6KfTyUH208qNh8cd\n54Bm1Lz0Ud3RN25fgUCo3JsWdwXIc9JqUbmBx59TAoGAHfLv8oIvEjuNsnoKfs4i\na+ErwrKd+JGNjWUsNNBIiJlR27R1ukHjzoxkNPEwhSTiBe21BpwplIrrp1KzMNG7\nSBrlgCIDK3jDNmr8seUNZwx4QW77reTHFoCtgyQbFaTPZZmcmnIhDZJU7prZvd/8\nkcQTa2R/ykmOivQ2js9lEMkCgYApWqwVcHDCtbCLhPCr8slgwALsA36kvMvJoC52\nqPunkVqrmPbCCmihd5Ge2/ulp234irXTQP9jstFZuRheZu7zMGbm38u2QGzFiSHl\nPE63DaO1nNd45hNBd9tABb3oMDPX9mUp1CfRa+iD7jcxvz8lszi5yPfYo0uGS8to\nGvjqbwKBgQDUQK6e3DMJ42qUKzzAiGnbcTVkhc5ZQm9+10TJzQdgkMrL2jVNmqo6\nUvGXvyeR6m3lEs845V8RzIYVRK93/t0K1BEw67NqJjl9BGeYLc51d0XumviAV7No\nAYUBBkgDkZL/Smn8BTQCSfHiI4iLPGwT6G796DRGfr4gpaaI96byhA==\n-----END RSA PRIVATE KEY-----\n",
            "cluster_ca_certificate": "-----BEGIN CERTIFICATE-----\nMIIDBTCCAe2gAwIBAgIIBdP4C3B+JjYwDQYJKoZIhvcNAQELBQAwFTETMBEGA1UE\nAxMKa3ViZXJuZXRlczAeFw0yNTAxMTcwNjI3MjNaFw0zNTAxMTUwNjMyMjNaMBUx\nEzARBgNVBAMTCmt1YmVybmV0ZXMwggEiMA0GCSqGSIb3DQEBAQUAA4IBDwAwggEK\nAoIBAQDJ/tkIwjDn4Rgu1ZraxDKaWFpbAPfUS5D8+fAnVsRGNLFQVDo44b4SpwGf\nWuib+VixQp/gQP4vQbRxUOQIAbM7uM8t2UoHvPadVZ68mJHR1IZcVfVIQJZLUYw3\nh01qXEvJJSC/4fx6jPlXQWmYk3fSrxh6twWW9fARmRWaX+Olc0lkm6TfFtV+dYnI\nsil7XKIWYJ2qKHsw6iGlJxwEX5lBtFzjJyaUNkbhgCdWhbHOZEx1+zk9Sh+FczSd\n6jkpwe/SbstkF9ab0kzw5H4743PD3Wg0I3XPOZ7dZLKgLbJLZjCmcF+y+j4LkWd4\nfuYB3yYSIioaHT4b5ddspRpFKJEPAgMBAAGjWTBXMA4GA1UdDwEB/wQEAwICpDAP\nBgNVHRMBAf8EBTADAQH/MB0GA1UdDgQWBBTj454MeI5rughXsg0oXYKh90o6pjAV\nBgNVHREEDjAMggprdWJlcm5ldGVzMA0GCSqGSIb3DQEBCwUAA4IBAQAJOVjPYH6Y\nqHWu39XmM/Elk6NO9eVEvUvsBaZ3A7U0+Tbmu37HTieM4l3LqL/PfiPUID5mugyd\nQoAlcYdFN+KDAW1pxTQjEXRFV9NkYyx2FmqIKYgGwp9FIHTzYL+/kkiQsEsAUXpJ\nnSMSTSo1qERimDElJaP21Yi6anOEQ2OqcXckEPwW4oNcNzvXIRh2/13P+nQkz8AJ\nTZCk5rrsGKn/n0GVPtu35gr7hEb4rZzB//dhuGra2ysGMEPvwncha7rEgDqTrzqm\nu8XnzuW8ic4ylIIZQv14mmjoYXiuzLWBYl7GPxOjX0tOK+ug3pOuuBY0/7SRS/Bn\nNgFD237HEdsz\n-----END CERTIFICATE-----\n",
            "completed": true,
            "endpoint": "https://127.0.0.1:33571",
            "id": "kind-",
            "kind_config": [],
            "kubeconfig": "apiVersion: v1\nclusters:\n- cluster:\n    certificate-authority-data: LS0tLS1CRUdJTiBDRVJUSUZJQ0FURS0tLS0tCk1JSURCVENDQWUyZ0F3SUJBZ0lJQmRQNEMzQitKall3RFFZSktvWklodmNOQVFFTEJRQXdGVEVUTUJFR0ExVUUKQXhNS2EzVmlaWEp1WlhSbGN6QWVGdzB5TlRBeE1UY3dOakkzTWpOYUZ3MHpOVEF4TVRVd05qTXlNak5hTUJVeApFekFSQmdOVkJBTVRDbXQxWW1WeWJtVjBaWE13Z2dFaU1BMEdDU3FHU0liM0RRRUJBUVVBQTRJQkR3QXdnZ0VLCkFvSUJBUURKL3RrSXdqRG40Umd1MVpyYXhES2FXRnBiQVBmVVM1RDgrZkFuVnNSR05MRlFWRG80NGI0U3B3R2YKV3VpYitWaXhRcC9nUVA0dlFiUnhVT1FJQWJNN3VNOHQyVW9IdlBhZFZaNjhtSkhSMUlaY1ZmVklRSlpMVVl3MwpoMDFxWEV2SkpTQy80Zng2alBsWFFXbVlrM2ZTcnhoNnR3V1c5ZkFSbVJXYVgrT2xjMGxrbTZUZkZ0VitkWW5JCnNpbDdYS0lXWUoycUtIc3c2aUdsSnh3RVg1bEJ0RnpqSnlhVU5rYmhnQ2RXaGJIT1pFeDErems5U2grRmN6U2QKNmprcHdlL1Nic3RrRjlhYjBrenc1SDQ3NDNQRDNXZzBJM1hQT1o3ZFpMS2dMYkpMWmpDbWNGK3krajRMa1dkNApmdVlCM3lZU0lpb2FIVDRiNWRkc3BScEZLSkVQQWdNQkFBR2pXVEJYTUE0R0ExVWREd0VCL3dRRUF3SUNwREFQCkJnTlZIUk1CQWY4RUJUQURBUUgvTUIwR0ExVWREZ1FXQkJUajQ1NE1lSTVydWdoWHNnMG9YWUtoOTBvNnBqQVYKQmdOVkhSRUVEakFNZ2dwcmRXSmxjbTVsZEdWek1BMEdDU3FHU0liM0RRRUJDd1VBQTRJQkFRQUpPVmpQWUg2WQpxSFd1MzlYbU0vRWxrNk5POWVWRXZVdnNCYVozQTdVMCtUYm11MzdIVGllTTRsM0xxTC9QZmlQVUlENW11Z3lkClFvQWxjWWRGTitLREFXMXB4VFFqRVhSRlY5TmtZeXgyRm1xSUtZZ0d3cDlGSUhUellMKy9ra2lRc0VzQVVYcEoKblNNU1RTbzFxRVJpbURFbEphUDIxWWk2YW5PRVEyT3FjWGNrRVB3VzRvTmNOenZYSVJoMi8xM1ArblFrejhBSgpUWkNrNXJyc0dLbi9uMEdWUHR1MzVncjdoRWI0clp6Qi8vZGh1R3JhMnlzR01FUHZ3bmNoYTdyRWdEcVRyenFtCnU4WG56dVc4aWM0eWxJSVpRdjE0bW1qb1lYaXV6TFdCWWw3R1B4T2pYMHRPSyt1ZzNwT3V1QlkwLzdTUlMvQm4KTmdGRDIzN0hFZHN6Ci0tLS0tRU5EIENFUlRJRklDQVRFLS0tLS0K\n    server: https://127.0.0.1:33571\n  name: kind-kind\ncontexts:\n- context:\n    cluster: kind-kind\n    user: kind-kind\n  name: kind-kind\ncurrent-context: kind-kind\nkind: Config\npreferences: {}\nusers:\n- name: kind-kind\n  user:\n    client-certificate-data: LS0tLS1CRUdJTiBDRVJUSUZJQ0FURS0tLS0tCk1JSURLVENDQWhHZ0F3SUJBZ0lJZXNCNDhadjMreDh3RFFZSktvWklodmNOQVFFTEJRQXdGVEVUTUJFR0ExVUUKQXhNS2EzVmlaWEp1WlhSbGN6QWVGdzB5TlRBeE1UY3dOakkzTWpOYUZ3MHlOakF4TVRjd05qTXlNak5hTUR3eApIekFkQmdOVkJBb1RGbXQxWW1WaFpHMDZZMngxYzNSbGNpMWhaRzFwYm5NeEdUQVhCZ05WQkFNVEVHdDFZbVZ5CmJtVjBaWE10WVdSdGFXNHdnZ0VpTUEwR0NTcUdTSWIzRFFFQkFRVUFBNElCRHdBd2dnRUtBb0lCQVFEOHovTzEKWTJ6Q1RTN29NSXEwd3d4U3RjNXVWVitJN21nUWJoeG4rQ1dDKzc0LzNxcjFweEgvMi9BemVyTytQUjJvdDB4RQp2UXEwNTJZY2RwVXVrWTZIeVpuVGcwRG81aUZuRTR2cWRpbkVSVVRFbnNLNFlHell0a3c4ZzhnZkdKa2xuVVp3CjJzWmcrNlB4WnZXQkluaVJvdEExQXk2QzdYN1MxeFk2aEpQMVdZNGRhdzBnYWU3N0NyOU1NM1RrdWwwU0pvakkKVHVNR0RLOHNUR3FYZkNjNEFVTWlJbThxK2N4WWNrVk9pU29lZHI3UEZNdktYWDhUTWlBQ1M0T3VESlUycW50MApUTUhQekNrMFN1ZmtYU0JGdmhVbUQrQUxjNmEwOUl6cXVjdUVQYldkd2FNczNwa0xSMjlsQmU5amQyVHlnRWZRCkxvVlJwYzlBVXhwY2w2UkJBZ01CQUFHalZqQlVNQTRHQTFVZER3RUIvd1FFQXdJRm9EQVRCZ05WSFNVRUREQUsKQmdnckJnRUZCUWNEQWpBTUJnTlZIUk1CQWY4RUFqQUFNQjhHQTFVZEl3UVlNQmFBRk9Qam5neDRqbXU2Q0ZleQpEU2hkZ3FIM1NqcW1NQTBHQ1NxR1NJYjNEUUVCQ3dVQUE0SUJBUUNOdWc4SnFUV1k2TXV5enlzMlUzYzJzUytvCnFWSk02dy8xNlZTaFlMK290YXNnQzFCYXF5clhjdkF5NXlJRCtXSzc2MEhNb3kzcEtILzAvZzdKTjNteTJuNmIKYWxhbVFIM29ON0MwMUl6azJXK1htTkRkdTNRMlVNcnhtWjBkYXd4MUJRclRjc3VpdGJyRU9aMFlsc0VqanNPNgpaMTFUbzJpZE1FOHdQOC9ZSEhnR2p2Q2ZmZ3dGamZyanBYdEJHU3pFS2pIYmlyb3N3WHYvelJRbE9zRDFMYlpPCkVwU3Jvam5OZmNPNlJFQ0hmVTk1b0YzUnNJRTlwb0daV0g3VkRXdFg0MmJ1MTFDSHRQcTdjOE9nUng3cVRxUmMKWmJNRVJlUC9RUWpTR2tOOGc1NDhZc2tWOXJENGRpc1JNb3ZSbTNlY1JWeDJkYlBkZHVrbWlJSW1oU0NyCi0tLS0tRU5EIENFUlRJRklDQVRFLS0tLS0K\n    client-key-data: LS0tLS1CRUdJTiBSU0EgUFJJVkFURSBLRVktLS0tLQpNSUlFcEFJQkFBS0NBUUVBL00venRXTnN3azB1NkRDS3RNTU1VclhPYmxWZmlPNW9FRzRjWi9nbGd2dStQOTZxCjlhY1IvOXZ3TTNxenZqMGRxTGRNUkwwS3RPZG1ISGFWTHBHT2g4bVowNE5BNk9ZaFp4T0w2bllweEVWRXhKN0MKdUdCczJMWk1QSVBJSHhpWkpaMUdjTnJHWVB1ajhXYjFnU0o0a2FMUU5RTXVndTErMHRjV09vU1Q5Vm1PSFdzTgpJR251K3dxL1RETjA1THBkRWlhSXlFN2pCZ3l2TEV4cWwzd25PQUZESWlKdkt2bk1XSEpGVG9rcUhuYSt6eFRMCnlsMS9FeklnQWt1RHJneVZOcXA3ZEV6Qno4d3BORXJuNUYwZ1JiNFZKZy9nQzNPbXRQU002cm5MaEQyMW5jR2oKTE42WkMwZHZaUVh2WTNkazhvQkgwQzZGVWFYUFFGTWFYSmVrUVFJREFRQUJBb0lCQVFEV3BVemJGZVp5ZGd1OApjZkppbFRReVNWQlNsME84eEFZdzVQeFRQZm5EWXpCZGxCVjg2bk82MDZiMlhsaWJ6ZElQdkVrU0Y1c3VpMFZFCkoxNTBJbnRzU0x2RlBLeHcwV3RNMCtpNGtjaldicVY3ZHZ3R2hVQUZJNHBJMnU2ZmtFZi9DckNUQXZ6cHZOMnUKQ1dlcVUzVWcyYWFEVEFkQ2ZKaHdOTlFYclJiZWVKSFMxSWxvR1NDWXoxU2RiRDcrRGdPREdEa3JzNDVMaDF3VQpJbGlqWUQ5SnVEV0F3OVRqNXhTcFkzempuVHZHbEJ6djJ3RnExTUxjWVQxN0JjV2U1ejJmVkhaT0lrZHliaDN5CkRvYmQxOElsaDRMbjlMRkkxdkhaS0w4OU5RdFlJclplS3hQYVNBWDcrbGl1bkJidXE3OENzY0ZyejFQS05tekMKRG5nQnU1amRBb0dCQVAvMzZ0Q3A2d3c5YlU0ZEF0VW5iNU1tVUlWODRsT1UxaXFPclNNQkhRSVFwQ2hHQmhtZwpsaDJuSnl3ZGo4VGpRcnMzaE1CWEUyTWEyVGJVcnNwWXp3MG82dDR5bHRHR2JzLy9rZHQzdzRKRUZVdjF3U0dJCng1OEthckdxTlBEbi8wZDZpQlRLVEtTakFUdXZub25mZjFMemZKT3gyY1EzMlNnRlpHUVdrSCtiQW9HQkFQelgKNzJGVnhKdGtkUTRCeFpxVW9XL1VKSzlER2tDMWhhSnRKWW8rbEp5eUJ6dy9aTHprcTVJOVF2UXJKUHhmSStVcwpCbG9iRFB3bzZaWkI2elcrV3NIMStLeXdnaEVtc05QV254R0N6aGZ3WmhybnZMRW02S2ZUeVVIMjA4cU5oOGNkCjU0Qm0xTHowVWQzUk4yNWZnVUNvM0pzV2R3WEljOUpxVWJtQng1OVRBb0dBSGZMdjhvSXZFanVOc25vS2ZzNGkKYStFcndyS2QrSkdOaldVc05OQklpSmxSMjdSMXVrSGp6b3hrTlBFd2hTVGlCZTIxQnB3cGxJcnJwMUt6TU5HNwpTQnJsZ0NJREszakRObXI4c2VVTlp3eDRRVzc3cmVUSEZvQ3RneVFiRmFUUFpabWNtbkloRFpKVTdwclp2ZC84CmtjUVRhMlIveWttT2l2UTJqczlsRU1rQ2dZQXBXcXdWY0hEQ3RiQ0xoUENyOHNsZ3dBTHNBMzZrdk12Sm9DNTIKcVB1bmtWcXJtUGJDQ21paGQ1R2UyL3VscDIzNGlyWFRRUDlqc3RGWnVSaGVadTd6TUdibTM4dTJRR3pGaVNIbApQRTYzRGFPMW5OZDQ1aE5CZDl0QUJiM29NRFBYOW1VcDFDZlJhK2lEN2pjeHZ6OGxzemk1eVBmWW8wdUdTOHRvCkd2anFid0tCZ1FEVVFLNmUzRE1KNDJxVUt6ekFpR25iY1RWa2hjNVpRbTkrMTBUSnpRZGdrTXJMMmpWTm1xbzYKVXZHWHZ5ZVI2bTNsRXM4NDVWOFJ6SVlWUks5My90MEsxQkV3NjdOcUpqbDlCR2VZTGM1MWQwWHVtdmlBVjdObwpBWVVCQmtnRGtaTC9TbW44QlRRQ1NmSGlJNGlMUEd3VDZHNzk2RFJHZnI0Z3BhYUk5NmJ5aEE9PQotLS0tLUVORCBSU0EgUFJJVkFURSBLRVktLS0tLQo=\n",
            "kubeconfig_path": "/home/adrianb/_/pregatire-continua/_Visa/market-data-processor/knative-camel-k/market-data-processor/infra/terraform/cluster/kind-config",
            "name": "kind",
            "node_image": null,
            "timeouts": null,
            "wait_for_ready": true
          },
          "sensitive_attributes": [],
          "private": "eyJlMmJmYjczMC1lY2FhLTExZTYtOGY4OC0zNDM2M2JjN2M0YzAiOnsiY3JlYXRlIjozMDAwMDAwMDAwMDAsImRlbGV0ZSI6MzAwMDAwMDAwMDAwLCJ1cGRhdGUiOjMwMDAwMDAwMDAwMH19",
          "dependencies": [
            "module.kind_cluster.null_resource.delete_kind_instance"
          ]
        }
      ]
    },
    {
      "module": "module.kind_cluster",
      "mode": "managed",
      "type": "null_resource",
      "name": "delete_kind_instance",
      "provider": "provider[\"registry.terraform.io/hashicorp/null\"]",
      "instances": [
        {
          "schema_version": 0,
          "attributes": {
            "id": "7867782217748753039",
            "triggers": null
          },
          "sensitive_attributes": []
        }
      ]
    },
    {
      "module": "module.kind_cluster",
      "mode": "managed",
      "type": "terraform_data",
      "name": "install_registry",
      "provider": "provider[\"terraform.io/builtin/terraform\"]",
      "instances": [
        {
          "schema_version": 0,
          "attributes": {
            "id": "90b4dd1b-97be-9706-328e-1c0a64cd42b7",
            "input": null,
            "output": null,
            "triggers_replace": null
          },
          "sensitive_attributes": [],
          "dependencies": [
            "module.kind_cluster.kind_cluster.kind",
            "module.kind_cluster.null_resource.delete_kind_instance"
          ]
        }
      ]
    }
  ],
  "check_results": null
}
